
Microsoft Visual Studio Solution File, Format Version 12.00
# Visual Studio Version 17
VisualStudioVersion = 17.9.34723.18
MinimumVisualStudioVersion = 10.0.40219.1
Project("{a7c8cabf-06d2-4c27-9166-c606c26ac37a}") = "DebugTooltip", "DebugTooltip.csproj", "{92c2a1b1-cc84-4b9f-beea-808004d40775}"
EndProject
Global
	GlobalSection(SolutionConfigurationPlatforms) = preSolution
		Debug|Any CPU = Debug|Any CPU
		Dist|Any CPU = Dist|Any CPU
		Release|Any CPU = Release|Any CPU
	EndGlobalSection
	GlobalSection(ProjectConfigurationPlatforms) = postSolution
		{92c2a1b1-cc84-4b9f-beea-808004d40775}.Debug|Any CPU.ActiveCfg = Debug|Any CPU
		{92c2a1b1-cc84-4b9f-beea-808004d40775}.Debug|Any CPU.Build.0 = Debug|Any CPU
		{92c2a1b1-cc84-4b9f-beea-808004d40775}.Dist|Any CPU.ActiveCfg = Dist|Any CPU
		{92c2a1b1-cc84-4b9f-beea-808004d40775}.Dist|Any CPU.Build.0 = Dist|Any CPU
		{92c2a1b1-cc84-4b9f-beea-808004d40775}.Release|Any CPU.ActiveCfg = Release|Any CPU
		{92c2a1b1-cc84-4b9f-beea-808004d40775}.Release|Any CPU.Build.0 = Release|Any CPU
	EndGlobalSection
	GlobalSection(SolutionProperties) = preSolution
		HideSolutionNode = FALSE
	EndGlobalSection
	GlobalSection(ExtensibilityGlobals) = postSolution
		SolutionGuid = {8cdae269-3fb3-479e-986b-6f39b1d777f9}
	EndGlobalSection
EndGlobal
